
Microsoft Visual Studio Solution File, Format Version 12.00
# Visual Studio Version 17
VisualStudioVersion = 17.0.31903.59
MinimumVisualStudioVersion = 10.0.40219.1
Project("{FAE04EC0-301F-11D3-BF4B-00C04F79EFBC}") = "TransportSimulatorAvalonia", "TransportSimulator\TransportSimulatorAvalonia.csproj", "{C0BE7DF5-18CA-4164-8720-2A27412C9BB8}"
EndProject
Project("{FAE04EC0-301F-11D3-BF4B-00C04F79EFBC}") = "IsrEmulation", "IsrEmulation\IsrEmulation.csproj", "{20A842B3-ED63-44CB-AFC2-871EFAB33148}"
EndProject
Project("{FAE04EC0-301F-11D3-BF4B-00C04F79EFBC}") = "IsrEmulationTest", "IsrEmulationTest\IsrEmulationTest.csproj", "{F67159B6-6BEF-40BD-935B-253D55D687E3}"
EndProject
Global
	GlobalSection(SolutionConfigurationPlatforms) = preSolution
		Debug|Any CPU = Debug|Any CPU
		Release|Any CPU = Release|Any CPU
	EndGlobalSection
	GlobalSection(SolutionProperties) = preSolution
		HideSolutionNode = FALSE
	EndGlobalSection
	GlobalSection(ProjectConfigurationPlatforms) = postSolution
		{C0BE7DF5-18CA-4164-8720-2A27412C9BB8}.Debug|Any CPU.ActiveCfg = Debug|Any CPU
		{C0BE7DF5-18CA-4164-8720-2A27412C9BB8}.Debug|Any CPU.Build.0 = Debug|Any CPU
		{C0BE7DF5-18CA-4164-8720-2A27412C9BB8}.Release|Any CPU.ActiveCfg = Release|Any CPU
		{C0BE7DF5-18CA-4164-8720-2A27412C9BB8}.Release|Any CPU.Build.0 = Release|Any CPU
		{20A842B3-ED63-44CB-AFC2-871EFAB33148}.Debug|Any CPU.ActiveCfg = Debug|Any CPU
		{20A842B3-ED63-44CB-AFC2-871EFAB33148}.Debug|Any CPU.Build.0 = Debug|Any CPU
		{20A842B3-ED63-44CB-AFC2-871EFAB33148}.Release|Any CPU.ActiveCfg = Release|Any CPU
		{20A842B3-ED63-44CB-AFC2-871EFAB33148}.Release|Any CPU.Build.0 = Release|Any CPU
		{F67159B6-6BEF-40BD-935B-253D55D687E3}.Debug|Any CPU.ActiveCfg = Debug|Any CPU
		{F67159B6-6BEF-40BD-935B-253D55D687E3}.Debug|Any CPU.Build.0 = Debug|Any CPU
		{F67159B6-6BEF-40BD-935B-253D55D687E3}.Release|Any CPU.ActiveCfg = Release|Any CPU
		{F67159B6-6BEF-40BD-935B-253D55D687E3}.Release|Any CPU.Build.0 = Release|Any CPU
	EndGlobalSection
EndGlobal
