
Microsoft Visual Studio Solution File, Format Version 12.00
# Visual Studio Version 17
VisualStudioVersion = 17.0.31903.59
MinimumVisualStudioVersion = 10.0.40219.1
Project("{FAE04EC0-301F-11D3-BF4B-00C04F79EFBC}") = "TransportSimulatorAvalonia", "TransportSimulator\TransportSimulatorAvalonia.csproj", "{C0BE7DF5-18CA-4164-8720-2A27412C9BB8}"
EndProject
Project("{FAE04EC0-301F-11D3-BF4B-00C04F79EFBC}") = "IsrEmulation", "IsrEmulation\IsrEmulation.csproj", "{20A842B3-ED63-44CB-AFC2-871EFAB33148}"
EndProject
Project("{FAE04EC0-301F-11D3-BF4B-00C04F79EFBC}") = "IsrEmulationTest", "IsrEmulationTest\IsrEmulationTest.csproj", "{F67159B6-6BEF-40BD-935B-253D55D687E3}"
EndProject
Project("{FAE04EC0-301F-11D3-BF4B-00C04F79EFBC}") = "Lancher", "Lancher\Lancher.csproj", "{0CFCFE88-D95A-43C4-8B8E-14C76C6673E2}"
EndProject
Project("{FAE04EC0-301F-11D3-BF4B-00C04F79EFBC}") = "LogicSimulator", "LogicSimulator\LogicSimulator.csproj", "{FD544CC3-7FF9-456A-A0DA-68CF8E8F4AA1}"
EndProject
Project("{FAE04EC0-301F-11D3-BF4B-00C04F79EFBC}") = "LogicSimulatorTest", "LogicSimulatorTest\LogicSimulatorTest.csproj", "{EAAE2C12-6427-4D06-AEBF-143C19187F90}"
EndProject
Global
	GlobalSection(SolutionConfigurationPlatforms) = preSolution
		Debug|Any CPU = Debug|Any CPU
		Debug|x64 = Debug|x64
		Debug|x86 = Debug|x86
		Release|Any CPU = Release|Any CPU
		Release|x64 = Release|x64
		Release|x86 = Release|x86
	EndGlobalSection
	GlobalSection(ProjectConfigurationPlatforms) = postSolution
		{C0BE7DF5-18CA-4164-8720-2A27412C9BB8}.Debug|Any CPU.ActiveCfg = Debug|Any CPU
		{C0BE7DF5-18CA-4164-8720-2A27412C9BB8}.Debug|Any CPU.Build.0 = Debug|Any CPU
		{C0BE7DF5-18CA-4164-8720-2A27412C9BB8}.Debug|x64.ActiveCfg = Debug|Any CPU
		{C0BE7DF5-18CA-4164-8720-2A27412C9BB8}.Debug|x64.Build.0 = Debug|Any CPU
		{C0BE7DF5-18CA-4164-8720-2A27412C9BB8}.Debug|x86.ActiveCfg = Debug|Any CPU
		{C0BE7DF5-18CA-4164-8720-2A27412C9BB8}.Debug|x86.Build.0 = Debug|Any CPU
		{C0BE7DF5-18CA-4164-8720-2A27412C9BB8}.Release|Any CPU.ActiveCfg = Release|Any CPU
		{C0BE7DF5-18CA-4164-8720-2A27412C9BB8}.Release|Any CPU.Build.0 = Release|Any CPU
		{C0BE7DF5-18CA-4164-8720-2A27412C9BB8}.Release|x64.ActiveCfg = Release|Any CPU
		{C0BE7DF5-18CA-4164-8720-2A27412C9BB8}.Release|x64.Build.0 = Release|Any CPU
		{C0BE7DF5-18CA-4164-8720-2A27412C9BB8}.Release|x86.ActiveCfg = Release|Any CPU
		{C0BE7DF5-18CA-4164-8720-2A27412C9BB8}.Release|x86.Build.0 = Release|Any CPU
		{20A842B3-ED63-44CB-AFC2-871EFAB33148}.Debug|Any CPU.ActiveCfg = Debug|Any CPU
		{20A842B3-ED63-44CB-AFC2-871EFAB33148}.Debug|Any CPU.Build.0 = Debug|Any CPU
		{20A842B3-ED63-44CB-AFC2-871EFAB33148}.Debug|x64.ActiveCfg = Debug|Any CPU
		{20A842B3-ED63-44CB-AFC2-871EFAB33148}.Debug|x64.Build.0 = Debug|Any CPU
		{20A842B3-ED63-44CB-AFC2-871EFAB33148}.Debug|x86.ActiveCfg = Debug|Any CPU
		{20A842B3-ED63-44CB-AFC2-871EFAB33148}.Debug|x86.Build.0 = Debug|Any CPU
		{20A842B3-ED63-44CB-AFC2-871EFAB33148}.Release|Any CPU.ActiveCfg = Release|Any CPU
		{20A842B3-ED63-44CB-AFC2-871EFAB33148}.Release|Any CPU.Build.0 = Release|Any CPU
		{20A842B3-ED63-44CB-AFC2-871EFAB33148}.Release|x64.ActiveCfg = Release|Any CPU
		{20A842B3-ED63-44CB-AFC2-871EFAB33148}.Release|x64.Build.0 = Release|Any CPU
		{20A842B3-ED63-44CB-AFC2-871EFAB33148}.Release|x86.ActiveCfg = Release|Any CPU
		{20A842B3-ED63-44CB-AFC2-871EFAB33148}.Release|x86.Build.0 = Release|Any CPU
		{F67159B6-6BEF-40BD-935B-253D55D687E3}.Debug|Any CPU.ActiveCfg = Debug|Any CPU
		{F67159B6-6BEF-40BD-935B-253D55D687E3}.Debug|Any CPU.Build.0 = Debug|Any CPU
		{F67159B6-6BEF-40BD-935B-253D55D687E3}.Debug|x64.ActiveCfg = Debug|Any CPU
		{F67159B6-6BEF-40BD-935B-253D55D687E3}.Debug|x64.Build.0 = Debug|Any CPU
		{F67159B6-6BEF-40BD-935B-253D55D687E3}.Debug|x86.ActiveCfg = Debug|Any CPU
		{F67159B6-6BEF-40BD-935B-253D55D687E3}.Debug|x86.Build.0 = Debug|Any CPU
		{F67159B6-6BEF-40BD-935B-253D55D687E3}.Release|Any CPU.ActiveCfg = Release|Any CPU
		{F67159B6-6BEF-40BD-935B-253D55D687E3}.Release|Any CPU.Build.0 = Release|Any CPU
		{F67159B6-6BEF-40BD-935B-253D55D687E3}.Release|x64.ActiveCfg = Release|Any CPU
		{F67159B6-6BEF-40BD-935B-253D55D687E3}.Release|x64.Build.0 = Release|Any CPU
		{F67159B6-6BEF-40BD-935B-253D55D687E3}.Release|x86.ActiveCfg = Release|Any CPU
		{F67159B6-6BEF-40BD-935B-253D55D687E3}.Release|x86.Build.0 = Release|Any CPU
		{0CFCFE88-D95A-43C4-8B8E-14C76C6673E2}.Debug|Any CPU.ActiveCfg = Debug|Any CPU
		{0CFCFE88-D95A-43C4-8B8E-14C76C6673E2}.Debug|Any CPU.Build.0 = Debug|Any CPU
		{0CFCFE88-D95A-43C4-8B8E-14C76C6673E2}.Debug|x64.ActiveCfg = Debug|Any CPU
		{0CFCFE88-D95A-43C4-8B8E-14C76C6673E2}.Debug|x64.Build.0 = Debug|Any CPU
		{0CFCFE88-D95A-43C4-8B8E-14C76C6673E2}.Debug|x86.ActiveCfg = Debug|Any CPU
		{0CFCFE88-D95A-43C4-8B8E-14C76C6673E2}.Debug|x86.Build.0 = Debug|Any CPU
		{0CFCFE88-D95A-43C4-8B8E-14C76C6673E2}.Release|Any CPU.ActiveCfg = Release|Any CPU
		{0CFCFE88-D95A-43C4-8B8E-14C76C6673E2}.Release|Any CPU.Build.0 = Release|Any CPU
		{0CFCFE88-D95A-43C4-8B8E-14C76C6673E2}.Release|x64.ActiveCfg = Release|Any CPU
		{0CFCFE88-D95A-43C4-8B8E-14C76C6673E2}.Release|x64.Build.0 = Release|Any CPU
		{0CFCFE88-D95A-43C4-8B8E-14C76C6673E2}.Release|x86.ActiveCfg = Release|Any CPU
		{0CFCFE88-D95A-43C4-8B8E-14C76C6673E2}.Release|x86.Build.0 = Release|Any CPU
		{FD544CC3-7FF9-456A-A0DA-68CF8E8F4AA1}.Debug|Any CPU.ActiveCfg = Debug|Any CPU
		{FD544CC3-7FF9-456A-A0DA-68CF8E8F4AA1}.Debug|Any CPU.Build.0 = Debug|Any CPU
		{FD544CC3-7FF9-456A-A0DA-68CF8E8F4AA1}.Debug|x64.ActiveCfg = Debug|Any CPU
		{FD544CC3-7FF9-456A-A0DA-68CF8E8F4AA1}.Debug|x64.Build.0 = Debug|Any CPU
		{FD544CC3-7FF9-456A-A0DA-68CF8E8F4AA1}.Debug|x86.ActiveCfg = Debug|Any CPU
		{FD544CC3-7FF9-456A-A0DA-68CF8E8F4AA1}.Debug|x86.Build.0 = Debug|Any CPU
		{FD544CC3-7FF9-456A-A0DA-68CF8E8F4AA1}.Release|Any CPU.ActiveCfg = Release|Any CPU
		{FD544CC3-7FF9-456A-A0DA-68CF8E8F4AA1}.Release|Any CPU.Build.0 = Release|Any CPU
		{FD544CC3-7FF9-456A-A0DA-68CF8E8F4AA1}.Release|x64.ActiveCfg = Release|Any CPU
		{FD544CC3-7FF9-456A-A0DA-68CF8E8F4AA1}.Release|x64.Build.0 = Release|Any CPU
		{FD544CC3-7FF9-456A-A0DA-68CF8E8F4AA1}.Release|x86.ActiveCfg = Release|Any CPU
		{FD544CC3-7FF9-456A-A0DA-68CF8E8F4AA1}.Release|x86.Build.0 = Release|Any CPU
		{EAAE2C12-6427-4D06-AEBF-143C19187F90}.Debug|Any CPU.ActiveCfg = Debug|Any CPU
		{EAAE2C12-6427-4D06-AEBF-143C19187F90}.Debug|Any CPU.Build.0 = Debug|Any CPU
		{EAAE2C12-6427-4D06-AEBF-143C19187F90}.Debug|x64.ActiveCfg = Debug|Any CPU
		{EAAE2C12-6427-4D06-AEBF-143C19187F90}.Debug|x64.Build.0 = Debug|Any CPU
		{EAAE2C12-6427-4D06-AEBF-143C19187F90}.Debug|x86.ActiveCfg = Debug|Any CPU
		{EAAE2C12-6427-4D06-AEBF-143C19187F90}.Debug|x86.Build.0 = Debug|Any CPU
		{EAAE2C12-6427-4D06-AEBF-143C19187F90}.Release|Any CPU.ActiveCfg = Release|Any CPU
		{EAAE2C12-6427-4D06-AEBF-143C19187F90}.Release|Any CPU.Build.0 = Release|Any CPU
		{EAAE2C12-6427-4D06-AEBF-143C19187F90}.Release|x64.ActiveCfg = Release|Any CPU
		{EAAE2C12-6427-4D06-AEBF-143C19187F90}.Release|x64.Build.0 = Release|Any CPU
		{EAAE2C12-6427-4D06-AEBF-143C19187F90}.Release|x86.ActiveCfg = Release|Any CPU
		{EAAE2C12-6427-4D06-AEBF-143C19187F90}.Release|x86.Build.0 = Release|Any CPU
	EndGlobalSection
	GlobalSection(SolutionProperties) = preSolution
		HideSolutionNode = FALSE
	EndGlobalSection
EndGlobal
